
Microsoft Visual Studio Solution File, Format Version 12.00
# Visual Studio 15
VisualStudioVersion = 15.0.28307.136
MinimumVisualStudioVersion = 10.0.40219.1
Project("{FAE04EC0-301F-11D3-BF4B-00C04F79EFBC}") = "BankAccounts", "BankAccounts\BankAccounts.csproj", "{C823EB15-42B1-4F94-AA5B-058450D49A08}"
EndProject
Global
	GlobalSection(SolutionConfigurationPlatforms) = preSolution
		Debug|Any CPU = Debug|Any CPU
		Release|Any CPU = Release|Any CPU
	EndGlobalSection
	GlobalSection(ProjectConfigurationPlatforms) = postSolution
		{C823EB15-42B1-4F94-AA5B-058450D49A08}.Debug|Any CPU.ActiveCfg = Debug|Any CPU
		{C823EB15-42B1-4F94-AA5B-058450D49A08}.Debug|Any CPU.Build.0 = Debug|Any CPU
		{C823EB15-42B1-4F94-AA5B-058450D49A08}.Release|Any CPU.ActiveCfg = Release|Any CPU
		{C823EB15-42B1-4F94-AA5B-058450D49A08}.Release|Any CPU.Build.0 = Release|Any CPU
	EndGlobalSection
	GlobalSection(SolutionProperties) = preSolution
		HideSolutionNode = FALSE
	EndGlobalSection
	GlobalSection(ExtensibilityGlobals) = postSolution
		SolutionGuid = {E24BB630-DD6F-4E9B-B4C2-63E7E249BD8B}
	EndGlobalSection
EndGlobal
